{
  "projects": [
    {
      "projectId": "kHCKEcYWcmWFvnZ511qGxj",
      "version": "latest",
      "dependencies": {},
      "lang": "js",
      "fileLocks": [
        {
          "type": "globalVariant",
          "assetId": "hcOoyKrhLFmmbl0",
          "checksum": "e19aa03291aa79221adcf3321c6ed28b"
        },
        {
          "assetId": "kHCKEcYWcmWFvnZ511qGxj",
          "type": "projectCss",
          "checksum": "cbb06f92cbdb7b6549adfbf65beeb3de"
        },
        {
          "type": "renderModule",
          "assetId": "t4HNrwUmK4YwQE",
          "checksum": "f5a9df3db2e11e7eefe810ae98228a48"
        },
        {
          "type": "cssRules",
          "assetId": "t4HNrwUmK4YwQE",
          "checksum": "f5a9df3db2e11e7eefe810ae98228a48"
        },
        {
          "type": "renderModule",
          "assetId": "ID408cV-KrF2KD",
          "checksum": "704df13233ab3f89af7ee2417c2646df"
        },
        {
          "type": "cssRules",
          "assetId": "ID408cV-KrF2KD",
          "checksum": "704df13233ab3f89af7ee2417c2646df"
        },
        {
          "type": "renderModule",
          "assetId": "r6Cl0pKnHnT6qh",
          "checksum": "b6362b123aa502fc8c94bd96f3677079"
        },
        {
          "type": "cssRules",
          "assetId": "r6Cl0pKnHnT6qh",
          "checksum": "b6362b123aa502fc8c94bd96f3677079"
        },
        {
          "type": "renderModule",
          "assetId": "dJmmdVEbQ6D79y",
          "checksum": "f95742a5e29294fac8d6a3d336ee747b"
        },
        {
          "type": "cssRules",
          "assetId": "dJmmdVEbQ6D79y",
          "checksum": "f95742a5e29294fac8d6a3d336ee747b"
        },
        {
          "type": "renderModule",
          "assetId": "MzKb43hmwTDa-s",
          "checksum": "5d9549cf7113bfed15b6db06edb741f0"
        },
        {
          "type": "cssRules",
          "assetId": "MzKb43hmwTDa-s",
          "checksum": "5d9549cf7113bfed15b6db06edb741f0"
        },
        {
          "type": "renderModule",
          "assetId": "gT-pc3PmJGII6xG",
          "checksum": "95161d4b8b99c596fd7ebcb6652becb2"
        },
        {
          "type": "cssRules",
          "assetId": "gT-pc3PmJGII6xG",
          "checksum": "95161d4b8b99c596fd7ebcb6652becb2"
        },
        {
          "type": "renderModule",
          "assetId": "LLTXTa1xHQBTj8I",
          "checksum": "93d8a1a6bff42dba529d4a1e9c0afdea"
        },
        {
          "type": "cssRules",
          "assetId": "LLTXTa1xHQBTj8I",
          "checksum": "93d8a1a6bff42dba529d4a1e9c0afdea"
        },
        {
          "type": "renderModule",
          "assetId": "t-3ZZsbEd2AhC9Q",
          "checksum": "f8c7f710fb503ac81d66047c89808292"
        },
        {
          "type": "cssRules",
          "assetId": "t-3ZZsbEd2AhC9Q",
          "checksum": "f8c7f710fb503ac81d66047c89808292"
        },
        {
          "type": "renderModule",
          "assetId": "1PytMOBF2NAhVj6",
          "checksum": "429b31f0fb242a3eb0347609900865ca"
        },
        {
          "type": "cssRules",
          "assetId": "1PytMOBF2NAhVj6",
          "checksum": "429b31f0fb242a3eb0347609900865ca"
        },
        {
          "type": "renderModule",
          "assetId": "xvgVucNi7jcHD4e",
          "checksum": "d335b42f72e609ba2958af07aec275d7"
        },
        {
          "type": "cssRules",
          "assetId": "xvgVucNi7jcHD4e",
          "checksum": "d335b42f72e609ba2958af07aec275d7"
        },
        {
          "type": "renderModule",
          "assetId": "kZIjMmBD8F8JMSq",
          "checksum": "771fbc0debb4d351ea13c9241c703e06"
        },
        {
          "type": "cssRules",
          "assetId": "kZIjMmBD8F8JMSq",
          "checksum": "771fbc0debb4d351ea13c9241c703e06"
        },
        {
          "type": "renderModule",
          "assetId": "wskXIbW-ncLJHKm",
          "checksum": "1da9c1bd3842d6ad86d72bef8893ac5c"
        },
        {
          "type": "cssRules",
          "assetId": "wskXIbW-ncLJHKm",
          "checksum": "1da9c1bd3842d6ad86d72bef8893ac5c"
        },
        {
          "type": "renderModule",
          "assetId": "MmGWtny_wrGHQBY",
          "checksum": "c19ca507e5099539538061e7472bafca"
        },
        {
          "type": "cssRules",
          "assetId": "MmGWtny_wrGHQBY",
          "checksum": "c19ca507e5099539538061e7472bafca"
        },
        {
          "type": "renderModule",
          "assetId": "hj_vpRwWkOieJ7r",
          "checksum": "2293dda487ff1270bcb525853dfb1c05"
        },
        {
          "type": "cssRules",
          "assetId": "hj_vpRwWkOieJ7r",
          "checksum": "2293dda487ff1270bcb525853dfb1c05"
        },
        {
          "type": "renderModule",
          "assetId": "LTqZOt_6aguEqsC",
          "checksum": "3f3f84909cd97327dd2b91351c1b7dff"
        },
        {
          "type": "cssRules",
          "assetId": "LTqZOt_6aguEqsC",
          "checksum": "3f3f84909cd97327dd2b91351c1b7dff"
        },
        {
          "type": "renderModule",
          "assetId": "NyvHa19nioKc5uf",
          "checksum": "cb4dbfffbcd48e2674b3b71c2b9391a4"
        },
        {
          "type": "cssRules",
          "assetId": "NyvHa19nioKc5uf",
          "checksum": "cb4dbfffbcd48e2674b3b71c2b9391a4"
        },
        {
          "type": "renderModule",
          "assetId": "-Egmcw35WEx2_iv",
          "checksum": "eeef15aa73b790ada1f5f85e294a9923"
        },
        {
          "type": "cssRules",
          "assetId": "-Egmcw35WEx2_iv",
          "checksum": "eeef15aa73b790ada1f5f85e294a9923"
        },
        {
          "type": "renderModule",
          "assetId": "1j5h6DCnO7nhcz1",
          "checksum": "7517c7b6826060655c21558398d72b47"
        },
        {
          "type": "cssRules",
          "assetId": "1j5h6DCnO7nhcz1",
          "checksum": "7517c7b6826060655c21558398d72b47"
        },
        {
          "type": "renderModule",
          "assetId": "0YsmMrCfj-lRqMD",
          "checksum": "038ce1440e487127eb6e83437294cc67"
        },
        {
          "type": "cssRules",
          "assetId": "0YsmMrCfj-lRqMD",
          "checksum": "038ce1440e487127eb6e83437294cc67"
        },
        {
          "type": "renderModule",
          "assetId": "gUUwcfxLK8qsLUf",
          "checksum": "1ebe1eaf615260d86a6865afa6d7e42d"
        },
        {
          "type": "cssRules",
          "assetId": "gUUwcfxLK8qsLUf",
          "checksum": "1ebe1eaf615260d86a6865afa6d7e42d"
        },
        {
          "type": "renderModule",
          "assetId": "BMHqzSi3MkEVmjN",
          "checksum": "f02faa1af67f934b26a8b48af4d3bed5"
        },
        {
          "type": "cssRules",
          "assetId": "BMHqzSi3MkEVmjN",
          "checksum": "f02faa1af67f934b26a8b48af4d3bed5"
        },
        {
          "type": "renderModule",
          "assetId": "GK7fqNotJaxKqIk",
          "checksum": "d2c16198cb0350a1434c6d18f77a1c31"
        },
        {
          "type": "cssRules",
          "assetId": "GK7fqNotJaxKqIk",
          "checksum": "d2c16198cb0350a1434c6d18f77a1c31"
        },
        {
          "type": "renderModule",
          "assetId": "juY6mhOC63OYiI0",
          "checksum": "b1b25bb02d36525e9b423e635f4571b4"
        },
        {
          "type": "cssRules",
          "assetId": "juY6mhOC63OYiI0",
          "checksum": "b1b25bb02d36525e9b423e635f4571b4"
        },
        {
          "type": "icon",
          "assetId": "2gocWyQdTDTPjMf",
          "checksum": "0d3f0ee8699186d8a2ec247358e7d223"
        },
        {
          "type": "icon",
          "assetId": "Q1nyCXo_O37SG_I",
          "checksum": "994495f1d4ad846bc78b2f7f662eea30"
        },
        {
          "type": "icon",
          "assetId": "kKFkIwmNpu5POq-",
          "checksum": "3523229bb2e0b607523bd9b3b6009fea"
        },
        {
          "type": "icon",
          "assetId": "TPzD-waOgdd-4Yk",
          "checksum": "d379a215450c9f40eb0ae55f7cb88891"
        },
        {
          "type": "icon",
          "assetId": "k9fBkI5UBtr7Uwt",
          "checksum": "186a9c2f2cffe32fc96a3b7c50630416"
        },
        {
          "type": "icon",
          "assetId": "VKO-xBA0-WbjHL9",
          "checksum": "98afd4d32296ba481e777ed7e16d27d0"
        },
        {
          "type": "icon",
          "assetId": "X8JZvPQpwoCL3Kz",
          "checksum": "970c5685fdee8c285d0417e532a62eaa"
        },
        {
          "type": "icon",
          "assetId": "rENJBLe0su-zTkK",
          "checksum": "b4cab1e7b8a4544b6b2fa0f8c99c5b32"
        },
        {
          "type": "icon",
          "assetId": "DGn6TXbGSSp0u9-",
          "checksum": "93fac9e11c0fb45ffef5f7a61a81c880"
        },
        {
          "type": "icon",
          "assetId": "RNCI95K6jeeFGB3",
          "checksum": "935eb2401a32a6651aa2ebbb118bee77"
        },
        {
          "type": "icon",
          "assetId": "3ieQ6Xay5PIqeVi",
          "checksum": "177e227092648d1344c0807df2f73724"
        },
        {
          "type": "icon",
          "assetId": "ecjjWdQV-_PKMgR",
          "checksum": "88c30c804d2b7db0fc444afc99652110"
        },
        {
          "type": "icon",
          "assetId": "zCefKpyMRMnvXys",
          "checksum": "27b98c8672101b296d21599c0314bcad"
        },
        {
          "type": "icon",
          "assetId": "x3IaJLSW-Zu35_s",
          "checksum": "0d751955c7b8ab9341a939c6889e75da"
        },
        {
          "type": "icon",
          "assetId": "cwgNtJiJOMqi67j",
          "checksum": "980093b7f76988c4ddd4e4d8fbd6f5a0"
        },
        {
          "type": "icon",
          "assetId": "z31CBqJ-LXmNTdx",
          "checksum": "feaf962428898331532a4444ceef981a"
        },
        {
          "type": "image",
          "assetId": "8UAS-1sSRih_gcH",
          "checksum": "8c829555d39336e06ba29c26e88fefd2"
        },
        {
          "type": "image",
          "assetId": "Iju5YBJKLYlSrMT",
          "checksum": "932dfcdcdc9aea0e1a3a4627b59bc4cc"
        },
        {
          "type": "image",
          "assetId": "bYt2sWNE1e1BxfE",
          "checksum": "2fa1d01f741100a94c7f2d37ad6dbb00"
        },
        {
          "type": "image",
          "assetId": "A5OtXvWkr2lnq90",
          "checksum": "7ba75507ad80eb674178807c449fff8c"
        },
        {
          "type": "image",
          "assetId": "2Yt1HynahoS-l2f",
          "checksum": "aa5f5137c1dfa72282119a1b702c7fae"
        },
        {
          "type": "image",
          "assetId": "-W6wFGahtKpDka3",
          "checksum": "2d16b49edc5b15f923422e85a64bcd36"
        },
        {
          "type": "image",
          "assetId": "3crsckzsnR_w7Ug",
          "checksum": "1b95603b65cbe15021e37129abcf10ce"
        },
        {
          "type": "image",
          "assetId": "QMYCM4mPw9eFGin",
          "checksum": "224be451fb1f0795f8843405059881ae"
        },
        {
          "type": "image",
          "assetId": "gKFNs34aKr5CxwT",
          "checksum": "4bdd8dbf3084839df2d2fe39851d518a"
        },
        {
          "type": "image",
          "assetId": "WIyb7R5S-EI_TYm",
          "checksum": "5bc687028f063af11bd73bfc8e2f7f61"
        },
        {
          "type": "image",
          "assetId": "eiuWvY_ts7ejOeE",
          "checksum": "8da20e953957749132960512e494277a"
        },
        {
          "type": "image",
          "assetId": "C1rDH1xTzDPwtCK",
          "checksum": "7c875f048d5edb81a745b36e84f4969d"
        },
        {
          "type": "image",
          "assetId": "mSEUHuVAaXUdD8S",
          "checksum": "b350f70c29946f77728b64740ef39c56"
        },
        {
          "type": "image",
          "assetId": "x5QsASCfZesHEkE",
          "checksum": "5598f28597151043eca4770beffb89f9"
        },
        {
          "type": "image",
          "assetId": "MEA9g0UfX7SoR9o",
          "checksum": "262642c109f103e8588ebe24f63d4390"
        },
        {
          "type": "image",
          "assetId": "iaOxijK8GTxS67u",
          "checksum": "27f283d87d07a1f35cf7260f89026de0"
        },
        {
          "type": "image",
          "assetId": "7z8rNWBcsd0JiVo",
          "checksum": "b4ba9cc52ba4c5c019a53ded33085248"
        },
        {
          "type": "image",
          "assetId": "yBZu29TH50czGnu",
          "checksum": "8b1ca5c8bc309f62daef773420235c38"
        },
        {
          "type": "image",
          "assetId": "gKfWQjIFjqEW5cm",
          "checksum": "a431183058ff52287e09f399428802d2"
        },
        {
          "type": "image",
          "assetId": "M3g1K0Eg2G3aCXz",
          "checksum": "1c3d6142872d1a97ab06cf05bddda558"
        },
        {
          "type": "image",
          "assetId": "f-xtEXPOBQq5dBQ",
          "checksum": "2b2cf9c7f9047c0e0af602b95c590451"
        },
        {
          "type": "image",
          "assetId": "lW8ZwFgIgyXhMgg",
          "checksum": "f2abe432dd85267fadfb0cfee7e08fc7"
        },
        {
          "type": "image",
          "assetId": "W9cqM4rfGNnCseh",
          "checksum": "9f4309956b82e89237e32cf1b05cb652"
        },
        {
          "type": "image",
          "assetId": "fX4uz4wOpcyyJm5",
          "checksum": "009b94f86b7573649c1897dd367c43e7"
        },
        {
          "type": "image",
          "assetId": "ELuSbZqidSyM4yN",
          "checksum": "c67f4e6de514dfb9be84350501562fbf"
        },
        {
          "type": "image",
          "assetId": "d03T45vXHDcRNgx",
          "checksum": "22fe74056ed1ded5852a101dbc13658b"
        },
        {
          "type": "image",
          "assetId": "2rkmIUqd5iuDmwl",
          "checksum": "fdc0c74c8b2b517f47549664f47e68a1"
        },
        {
          "type": "image",
          "assetId": "GZsY6S2wejOND3p",
          "checksum": "fe2dea11e44ca3c4719dfb06ba4e32a1"
        },
        {
          "type": "image",
          "assetId": "UrnS-qoEC0yoGY1",
          "checksum": "7d9df2bdf5a8374d86490e3595f2502b"
        },
        {
          "type": "image",
          "assetId": "sCzKU2_kCBHelai",
          "checksum": "4c6b0c936d36d250fce913ec1f5f9fa1"
        },
        {
          "type": "image",
          "assetId": "qy0tRrBctPAOk5p",
          "checksum": "116cf9da0845e778f10d7f9fbe3dee38"
        },
        {
          "type": "image",
          "assetId": "prunkEJ0HCaYUhn",
          "checksum": "7b79db2072ca39ec7b08e757563bdaeb"
        },
        {
          "type": "image",
          "assetId": "WVouJV8SNec7spm",
          "checksum": "e3925dc57f823d14246a75eba49156cf"
        },
        {
          "type": "image",
          "assetId": "5MiBE_vYIBL-Xij",
          "checksum": "d4bcb2d781f0874e6d5731da9bf21031"
        },
        {
          "type": "image",
          "assetId": "BC4zJU86_pb8ot8",
          "checksum": "f2016dd557355124acaa689ceba13d47"
        },
        {
          "type": "image",
          "assetId": "Lv_309uGSfFWEs_",
          "checksum": "c2a3834fb5a9aa9dc5b14120539e3aaf"
        },
        {
          "type": "image",
          "assetId": "q5VlFkAYKGyxPQK",
          "checksum": "56de1bb3822a5e23199b51acba576931"
        },
        {
          "type": "image",
          "assetId": "E0Lck6XTB-4kT-a",
          "checksum": "e2e174e7b31bf2df46d8219de13b1ec5"
        },
        {
          "type": "image",
          "assetId": "FNJp4_6KgnH7jGb",
          "checksum": "f4abdb16d5dc8b11dd8147a2c0ee8c79"
        },
        {
          "type": "image",
          "assetId": "xmFuLnTznEi8OhX",
          "checksum": "2f73d4ef5b302d5519d3cd8469b22e8f"
        },
        {
          "type": "image",
          "assetId": "zWMff5dUUk4jFOl",
          "checksum": "a186d73809703788dc404c503bdc8b17"
        },
        {
          "type": "image",
          "assetId": "TpNCAac5_SUGbAv",
          "checksum": "d31977019f964037f22ceeaf2c8c17b6"
        },
        {
          "type": "image",
          "assetId": "n7ODXSEL6RxRO6I",
          "checksum": "05e02454c95b4e4f129c3ef6ba4552d1"
        },
        {
          "type": "image",
          "assetId": "FKTa-Zc1hffPZr1",
          "checksum": "e5c59d94bbb6ab55d883b8a19c121df3"
        },
        {
          "type": "image",
          "assetId": "bmA5TZiIp9o-KRC",
          "checksum": "902a9cb9bc072b932a65d776408eb54c"
        },
        {
          "type": "image",
          "assetId": "YAei0etG289g7Y7",
          "checksum": "1f79cb8d036f560022983e44df5cbf72"
        },
        {
          "type": "image",
          "assetId": "lbeWjHQBIQJGr6i",
          "checksum": "535a0ac46d8330f5f24b39f563e25d54"
        },
        {
          "type": "image",
          "assetId": "DpFJgef5u9AnSts",
          "checksum": "62bf92422f3823e74f070c081a9b4549"
        },
        {
          "type": "image",
          "assetId": "UQZFjdJcNXHh4Yw",
          "checksum": "cb7fcd1a6b3164ac960896e8f0cca732"
        },
        {
          "type": "image",
          "assetId": "N9RZ7HGcXV6lRUf",
          "checksum": "0f930e7972962dcfa6aaf5a463e26c3b"
        },
        {
          "type": "image",
          "assetId": "2crmKW1cZn2oDX2",
          "checksum": "4dc9bfd91aeea7996402010dee1bdbe6"
        },
        {
          "type": "image",
          "assetId": "6EWVJE1dbMdwukH",
          "checksum": "f7fc3d3812becc036c8138011796bfba"
        },
        {
          "type": "image",
          "assetId": "aFTs5BsqsQFFjkL",
          "checksum": "b6bc7b9d211b68ccfa7e92cd75307c03"
        },
        {
          "type": "image",
          "assetId": "ud8SvL7wlAelk85",
          "checksum": "22e615f764c0898a9a8813a4863aa99a"
        },
        {
          "type": "image",
          "assetId": "qu6zUDBVVpsPkQV",
          "checksum": "ecead3c0ae0a1f13813459e23c27a1f9"
        },
        {
          "type": "image",
          "assetId": "V1XztaCEBzt6Z_9",
          "checksum": "772b46e157e77102be5bbe51e4efe034"
        },
        {
          "type": "image",
          "assetId": "N6bVHMmoFUFnTzp",
          "checksum": "de7093f4c2a7338b2a08fa79ea283495"
        },
        {
          "type": "image",
          "assetId": "dp-i7nFrH1GROMO",
          "checksum": "29fccc75c2213520cf2e88d9906e3703"
        },
        {
          "type": "image",
          "assetId": "weUNGeQ5c9_VRuV",
          "checksum": "e0f18205953105610919e5f480109c91"
        },
        {
          "type": "image",
          "assetId": "mX74ojCmMVVJYt6",
          "checksum": "cc8d73c8a7dfc668a2802402d02f9dc4"
        },
        {
          "type": "image",
          "assetId": "Wk7jN4QDZneKetk",
          "checksum": "f753506b0502652d71d954d73c95ae5a"
        },
        {
          "type": "image",
          "assetId": "fPQwC1TP9Hdd55r",
          "checksum": "c19b62a78f1949839d78de6f321f8a09"
        },
        {
          "type": "image",
          "assetId": "q8rTJkOXjfDK9kt",
          "checksum": "cbbab8cf685331d61b80beb56281a0af"
        },
        {
          "type": "image",
          "assetId": "rRJ2iVP4wDMFstS",
          "checksum": "75de84c9817de5b96956fc5564bfe10e"
        },
        {
          "type": "image",
          "assetId": "0csbO9m88doZqok",
          "checksum": "7a4de1064134e88f16ed83d7582fd05b"
        },
        {
          "type": "image",
          "assetId": "RQDlBFooDZLc7bV",
          "checksum": "20ba2f437721d7c12c676c9b594fa426"
        },
        {
          "type": "image",
          "assetId": "HQudlap28q_h-f2",
          "checksum": "5b178bdaef1c2944c0eae38b23a72920"
        },
        {
          "type": "image",
          "assetId": "eVdrvkw-45l2AZ5",
          "checksum": "8524040e1bb78a667ff8d0f9c56cbcd1"
        },
        {
          "type": "image",
          "assetId": "81on6wuZbCzxt2m",
          "checksum": "66fc81d44a402eb9607bc78ae598f1af"
        },
        {
          "type": "image",
          "assetId": "T8HewoBvYDRRs-L",
          "checksum": "1a1784772a46b7804caaefaffdc91b1e"
        },
        {
          "type": "image",
          "assetId": "PSBffs03sOMWv-l",
          "checksum": "ac3b4a17cfacec689bf0d5711a6eaa93"
        },
        {
          "type": "image",
          "assetId": "Y2OhgaBBWFhlcez",
          "checksum": "1d2566f7d3439ba99c27078db3bef1d9"
        },
        {
          "type": "image",
          "assetId": "H4GMWu23vTRbR7x",
          "checksum": "3daac615d37f9b6bbbb3d69e2ece2eac"
        },
        {
          "type": "image",
          "assetId": "BIDVT4DN1EW1SfA",
          "checksum": "bddebb0f2a6261c8e19e33f1dcb510ff"
        }
      ],
      "codegenVersion": "0.0.1"
    }
  ],
  "cliVersion": "0.1.292"
}
